
Microsoft Visual Studio Solution File, Format Version 12.00
# Visual Studio Version 16
VisualStudioVersion = 16.0.30114.105
MinimumVisualStudioVersion = 10.0.40219.1
Project("{FAE04EC0-301F-11D3-BF4B-00C04F79EFBC}") = "Books.Api", "Books.Api\Books.Api.csproj", "{B7422A94-06A0-432B-9D89-084C2020F282}"
EndProject
Project("{FAE04EC0-301F-11D3-BF4B-00C04F79EFBC}") = "Books.UnitTests", "Books.UnitTests\Books.UnitTests.csproj", "{674E0031-14D5-4602-956E-07A67FE42D3D}"
EndProject
Global
	GlobalSection(SolutionConfigurationPlatforms) = preSolution
		Debug|Any CPU = Debug|Any CPU
		Release|Any CPU = Release|Any CPU
	EndGlobalSection
	GlobalSection(SolutionProperties) = preSolution
		HideSolutionNode = FALSE
	EndGlobalSection
	GlobalSection(ProjectConfigurationPlatforms) = postSolution
		{B7422A94-06A0-432B-9D89-084C2020F282}.Debug|Any CPU.ActiveCfg = Debug|Any CPU
		{B7422A94-06A0-432B-9D89-084C2020F282}.Debug|Any CPU.Build.0 = Debug|Any CPU
		{B7422A94-06A0-432B-9D89-084C2020F282}.Release|Any CPU.ActiveCfg = Release|Any CPU
		{B7422A94-06A0-432B-9D89-084C2020F282}.Release|Any CPU.Build.0 = Release|Any CPU
		{674E0031-14D5-4602-956E-07A67FE42D3D}.Debug|Any CPU.ActiveCfg = Debug|Any CPU
		{674E0031-14D5-4602-956E-07A67FE42D3D}.Debug|Any CPU.Build.0 = Debug|Any CPU
		{674E0031-14D5-4602-956E-07A67FE42D3D}.Release|Any CPU.ActiveCfg = Release|Any CPU
		{674E0031-14D5-4602-956E-07A67FE42D3D}.Release|Any CPU.Build.0 = Release|Any CPU
	EndGlobalSection
EndGlobal
